
Microsoft Visual Studio Solution File, Format Version 12.00
# Visual Studio Version 16
VisualStudioVersion = 16.0.30225.117
MinimumVisualStudioVersion = 10.0.40219.1
Project("{FAE04EC0-301F-11D3-BF4B-00C04F79EFBC}") = "LindegaardProductions.Web", "LindegaardProductions.Web\LindegaardProductions.Web.csproj", "{66714169-9090-489D-B99E-D55501F86F7B}"
EndProject
Global
	GlobalSection(SolutionConfigurationPlatforms) = preSolution
		Debug|Any CPU = Debug|Any CPU
		Release|Any CPU = Release|Any CPU
	EndGlobalSection
	GlobalSection(ProjectConfigurationPlatforms) = postSolution
		{66714169-9090-489D-B99E-D55501F86F7B}.Debug|Any CPU.ActiveCfg = Debug|Any CPU
		{66714169-9090-489D-B99E-D55501F86F7B}.Debug|Any CPU.Build.0 = Debug|Any CPU
		{66714169-9090-489D-B99E-D55501F86F7B}.Release|Any CPU.ActiveCfg = Release|Any CPU
		{66714169-9090-489D-B99E-D55501F86F7B}.Release|Any CPU.Build.0 = Release|Any CPU
	EndGlobalSection
	GlobalSection(SolutionProperties) = preSolution
		HideSolutionNode = FALSE
	EndGlobalSection
	GlobalSection(ExtensibilityGlobals) = postSolution
		SolutionGuid = {A3B3116A-30B0-4555-B798-441CAAB34F6B}
	EndGlobalSection
EndGlobal
